
Microsoft Visual Studio Solution File, Format Version 12.00
# Visual Studio Version 16
VisualStudioVersion = 16.0.30717.126
MinimumVisualStudioVersion = 10.0.40219.1
Project("{9A19103F-16F7-4668-BE54-9A1E7A4F7556}") = "Boxi.Api", "Boxi.Api\Boxi.Api.csproj", "{46E30440-58F2-4F06-8050-C774467CBF6A}"
EndProject
Project("{FAE04EC0-301F-11D3-BF4B-00C04F79EFBC}") = "Boxi.Dal", "Boxi.Dal\Boxi.Dal.csproj", "{71718767-8832-454A-B8B7-108A6698B0E9}"
EndProject
Project("{FAE04EC0-301F-11D3-BF4B-00C04F79EFBC}") = "Boxi.Core", "Boxi.Core\Boxi.Core.csproj", "{E80C9466-01E7-4619-A0DC-CBC65115DD2A}"
EndProject
Global
	GlobalSection(SolutionConfigurationPlatforms) = preSolution
		Debug|Any CPU = Debug|Any CPU
		Release|Any CPU = Release|Any CPU
	EndGlobalSection
	GlobalSection(ProjectConfigurationPlatforms) = postSolution
		{46E30440-58F2-4F06-8050-C774467CBF6A}.Debug|Any CPU.ActiveCfg = Debug|Any CPU
		{46E30440-58F2-4F06-8050-C774467CBF6A}.Debug|Any CPU.Build.0 = Debug|Any CPU
		{46E30440-58F2-4F06-8050-C774467CBF6A}.Release|Any CPU.ActiveCfg = Release|Any CPU
		{46E30440-58F2-4F06-8050-C774467CBF6A}.Release|Any CPU.Build.0 = Release|Any CPU
		{71718767-8832-454A-B8B7-108A6698B0E9}.Debug|Any CPU.ActiveCfg = Debug|Any CPU
		{71718767-8832-454A-B8B7-108A6698B0E9}.Debug|Any CPU.Build.0 = Debug|Any CPU
		{71718767-8832-454A-B8B7-108A6698B0E9}.Release|Any CPU.ActiveCfg = Release|Any CPU
		{71718767-8832-454A-B8B7-108A6698B0E9}.Release|Any CPU.Build.0 = Release|Any CPU
		{E80C9466-01E7-4619-A0DC-CBC65115DD2A}.Debug|Any CPU.ActiveCfg = Debug|Any CPU
		{E80C9466-01E7-4619-A0DC-CBC65115DD2A}.Debug|Any CPU.Build.0 = Debug|Any CPU
		{E80C9466-01E7-4619-A0DC-CBC65115DD2A}.Release|Any CPU.ActiveCfg = Release|Any CPU
		{E80C9466-01E7-4619-A0DC-CBC65115DD2A}.Release|Any CPU.Build.0 = Release|Any CPU
	EndGlobalSection
	GlobalSection(SolutionProperties) = preSolution
		HideSolutionNode = FALSE
	EndGlobalSection
	GlobalSection(ExtensibilityGlobals) = postSolution
		SolutionGuid = {A4069B4A-A8EF-46DB-BC3E-C169D57E326E}
	EndGlobalSection
EndGlobal
